
Microsoft Visual Studio Solution File, Format Version 12.00
# Visual Studio Version 17
VisualStudioVersion = 17.4.33205.214
MinimumVisualStudioVersion = 10.0.40219.1
Project("{FAE04EC0-301F-11D3-BF4B-00C04F79EFBC}") = "APluseB_problem", "APluseB_problem\APluseB_problem.csproj", "{ED7014CF-BD82-46BD-ACA0-961CDA17BF04}"
EndProject
Global
	GlobalSection(SolutionConfigurationPlatforms) = preSolution
		Debug|Any CPU = Debug|Any CPU
		Release|Any CPU = Release|Any CPU
	EndGlobalSection
	GlobalSection(ProjectConfigurationPlatforms) = postSolution
		{ED7014CF-BD82-46BD-ACA0-961CDA17BF04}.Debug|Any CPU.ActiveCfg = Debug|Any CPU
		{ED7014CF-BD82-46BD-ACA0-961CDA17BF04}.Debug|Any CPU.Build.0 = Debug|Any CPU
		{ED7014CF-BD82-46BD-ACA0-961CDA17BF04}.Release|Any CPU.ActiveCfg = Release|Any CPU
		{ED7014CF-BD82-46BD-ACA0-961CDA17BF04}.Release|Any CPU.Build.0 = Release|Any CPU
	EndGlobalSection
	GlobalSection(SolutionProperties) = preSolution
		HideSolutionNode = FALSE
	EndGlobalSection
	GlobalSection(ExtensibilityGlobals) = postSolution
		SolutionGuid = {31371590-5F9C-456D-91E6-C8D93BF3877C}
	EndGlobalSection
EndGlobal
